// !$*UTF8*$!
{
	archiveVersion = 1;
	classes = {
	};
	objectVersion = 52;
	objects = {

/* Begin PBXBuildFile section */
		29412AC83B54107C077B2C3A /* Pods_filxster_filxsterUITests.framework in Frameworks */ = {isa = PBXBuildFile; fileRef = AF18634B3DDB9C7D439EE4CF /* Pods_filxster_filxsterUITests.framework */; };
		8C0C844426E56E51008EC91C /* AppDelegate.swift in Sources */ = {isa = PBXBuildFile; fileRef = 8C0C844326E56E51008EC91C /* AppDelegate.swift */; };
		8C0C844626E56E51008EC91C /* SceneDelegate.swift in Sources */ = {isa = PBXBuildFile; fileRef = 8C0C844526E56E51008EC91C /* SceneDelegate.swift */; };
		8C0C844B26E56E51008EC91C /* Main.storyboard in Resources */ = {isa = PBXBuildFile; fileRef = 8C0C844926E56E51008EC91C /* Main.storyboard */; };
		8C0C844D26E56E53008EC91C /* Assets.xcassets in Resources */ = {isa = PBXBuildFile; fileRef = 8C0C844C26E56E53008EC91C /* Assets.xcassets */; };
		8C0C845026E56E53008EC91C /* LaunchScreen.storyboard in Resources */ = {isa = PBXBuildFile; fileRef = 8C0C844E26E56E53008EC91C /* LaunchScreen.storyboard */; };
		8C0C845B26E56E53008EC91C /* filxsterTests.swift in Sources */ = {isa = PBXBuildFile; fileRef = 8C0C845A26E56E53008EC91C /* filxsterTests.swift */; };
		8C0C846626E56E53008EC91C /* filxsterUITests.swift in Sources */ = {isa = PBXBuildFile; fileRef = 8C0C846526E56E53008EC91C /* filxsterUITests.swift */; };
		8C0C847426E57140008EC91C /* MoviesViewController.swift in Sources */ = {isa = PBXBuildFile; fileRef = 8C0C847326E57140008EC91C /* MoviesViewController.swift */; };
		8C213B6426EEB43C001386B5 /* MovieGridViewController.swift in Sources */ = {isa = PBXBuildFile; fileRef = 8C213B6326EEB43C001386B5 /* MovieGridViewController.swift */; };
		8C213B6626EECD21001386B5 /* MovieGridCell.swift in Sources */ = {isa = PBXBuildFile; fileRef = 8C213B6526EECD20001386B5 /* MovieGridCell.swift */; };
		8C9C014126E83CC80094CA51 /* MovieDeteilsViewController.swift in Sources */ = {isa = PBXBuildFile; fileRef = 8C9C014026E83CC80094CA51 /* MovieDeteilsViewController.swift */; };
		8CC62C2026E6DCF900974DD0 /* MovieCell.swift in Sources */ = {isa = PBXBuildFile; fileRef = 8CC62C1F26E6DCF900974DD0 /* MovieCell.swift */; };
		8CC62C2326E712AE00974DD0 /* AlamofireImage in Frameworks */ = {isa = PBXBuildFile; productRef = 8CC62C2226E712AE00974DD0 /* AlamofireImage */; };
		A82732AC9BF32265ED4F1FBE /* Pods_filxster.framework in Frameworks */ = {isa = PBXBuildFile; fileRef = 185BF222B69D172CEE08FDCF /* Pods_filxster.framework */; };
		FC8E2B80150208D423FFA291 /* Pods_filxsterTests.framework in Frameworks */ = {isa = PBXBuildFile; fileRef = 13AA577AE016B6ED269E3A97 /* Pods_filxsterTests.framework */; };
/* End PBXBuildFile section */

/* Begin PBXContainerItemProxy section */
		8C0C845726E56E53008EC91C /* PBXContainerItemProxy */ = {
			isa = PBXContainerItemProxy;
			containerPortal = 8C0C843826E56E51008EC91C /* Project object */;
			proxyType = 1;
			remoteGlobalIDString = 8C0C843F26E56E51008EC91C;
			remoteInfo = filxster;
		};
		8C0C846226E56E53008EC91C /* PBXContainerItemProxy */ = {
			isa = PBXContainerItemProxy;
			containerPortal = 8C0C843826E56E51008EC91C /* Project object */;
			proxyType = 1;
			remoteGlobalIDString = 8C0C843F26E56E51008EC91C;
			remoteInfo = filxster;
		};
/* End PBXContainerItemProxy section */

/* Begin PBXFileReference section */
		02541943DAFF657AAF1572AD /* Pods-filxster.release.xcconfig */ = {isa = PBXFileReference; includeInIndex = 1; lastKnownFileType = text.xcconfig; name = "Pods-filxster.release.xcconfig"; path = "Target Support Files/Pods-filxster/Pods-filxster.release.xcconfig"; sourceTree = "<group>"; };
		13AA577AE016B6ED269E3A97 /* Pods_filxsterTests.framework */ = {isa = PBXFileReference; explicitFileType = wrapper.framework; includeInIndex = 0; path = Pods_filxsterTests.framework; sourceTree = BUILT_PRODUCTS_DIR; };
		185BF222B69D172CEE08FDCF /* Pods_filxster.framework */ = {isa = PBXFileReference; explicitFileType = wrapper.framework; includeInIndex = 0; path = Pods_filxster.framework; sourceTree = BUILT_PRODUCTS_DIR; };
		8C0C844026E56E51008EC91C /* filxster.app */ = {isa = PBXFileReference; explicitFileType = wrapper.application; includeInIndex = 0; path = filxster.app; sourceTree = BUILT_PRODUCTS_DIR; };
		8C0C844326E56E51008EC91C /* AppDelegate.swift */ = {isa = PBXFileReference; lastKnownFileType = sourcecode.swift; path = AppDelegate.swift; sourceTree = "<group>"; };
		8C0C844526E56E51008EC91C /* SceneDelegate.swift */ = {isa = PBXFileReference; lastKnownFileType = sourcecode.swift; path = SceneDelegate.swift; sourceTree = "<group>"; };
		8C0C844A26E56E51008EC91C /* Base */ = {isa = PBXFileReference; lastKnownFileType = file.storyboard; name = Base; path = Base.lproj/Main.storyboard; sourceTree = "<group>"; };
		8C0C844C26E56E53008EC91C /* Assets.xcassets */ = {isa = PBXFileReference; lastKnownFileType = folder.assetcatalog; path = Assets.xcassets; sourceTree = "<group>"; };
		8C0C844F26E56E53008EC91C /* Base */ = {isa = PBXFileReference; lastKnownFileType = file.storyboard; name = Base; path = Base.lproj/LaunchScreen.storyboard; sourceTree = "<group>"; };
		8C0C845126E56E53008EC91C /* Info.plist */ = {isa = PBXFileReference; lastKnownFileType = text.plist.xml; path = Info.plist; sourceTree = "<group>"; };
		8C0C845626E56E53008EC91C /* filxsterTests.xctest */ = {isa = PBXFileReference; explicitFileType = wrapper.cfbundle; includeInIndex = 0; path = filxsterTests.xctest; sourceTree = BUILT_PRODUCTS_DIR; };
		8C0C845A26E56E53008EC91C /* filxsterTests.swift */ = {isa = PBXFileReference; lastKnownFileType = sourcecode.swift; path = filxsterTests.swift; sourceTree = "<group>"; };
		8C0C845C26E56E53008EC91C /* Info.plist */ = {isa = PBXFileReference; lastKnownFileType = text.plist.xml; path = Info.plist; sourceTree = "<group>"; };
		8C0C846126E56E53008EC91C /* filxsterUITests.xctest */ = {isa = PBXFileReference; explicitFileType = wrapper.cfbundle; includeInIndex = 0; path = filxsterUITests.xctest; sourceTree = BUILT_PRODUCTS_DIR; };
		8C0C846526E56E53008EC91C /* filxsterUITests.swift */ = {isa = PBXFileReference; lastKnownFileType = sourcecode.swift; path = filxsterUITests.swift; sourceTree = "<group>"; };
		8C0C846726E56E53008EC91C /* Info.plist */ = {isa = PBXFileReference; lastKnownFileType = text.plist.xml; path = Info.plist; sourceTree = "<group>"; };
		8C0C847326E57140008EC91C /* MoviesViewController.swift */ = {isa = PBXFileReference; lastKnownFileType = sourcecode.swift; path = MoviesViewController.swift; sourceTree = "<group>"; };
		8C213B6326EEB43C001386B5 /* MovieGridViewController.swift */ = {isa = PBXFileReference; lastKnownFileType = sourcecode.swift; path = MovieGridViewController.swift; sourceTree = "<group>"; };
		8C213B6526EECD20001386B5 /* MovieGridCell.swift */ = {isa = PBXFileReference; lastKnownFileType = sourcecode.swift; path = MovieGridCell.swift; sourceTree = "<group>"; };
		8C9C014026E83CC80094CA51 /* MovieDeteilsViewController.swift */ = {isa = PBXFileReference; lastKnownFileType = sourcecode.swift; path = MovieDeteilsViewController.swift; sourceTree = "<group>"; };
		8CC62C1F26E6DCF900974DD0 /* MovieCell.swift */ = {isa = PBXFileReference; lastKnownFileType = sourcecode.swift; path = MovieCell.swift; sourceTree = "<group>"; };
		A8EBCEB9357C3350F6E16911 /* Pods-filxsterTests.debug.xcconfig */ = {isa = PBXFileReference; includeInIndex = 1; lastKnownFileType = text.xcconfig; name = "Pods-filxsterTests.debug.xcconfig"; path = "Target Support Files/Pods-filxsterTests/Pods-filxsterTests.debug.xcconfig"; sourceTree = "<group>"; };
		ADADBC951E42E23F08757690 /* Pods-filxster-filxsterUITests.release.xcconfig */ = {isa = PBXFileReference; includeInIndex = 1; lastKnownFileType = text.xcconfig; name = "Pods-filxster-filxsterUITests.release.xcconfig"; path = "Target Support Files/Pods-filxster-filxsterUITests/Pods-filxster-filxsterUITests.release.xcconfig"; sourceTree = "<group>"; };
		AF18634B3DDB9C7D439EE4CF /* Pods_filxster_filxsterUITests.framework */ = {isa = PBXFileReference; explicitFileType = wrapper.framework; includeInIndex = 0; path = Pods_filxster_filxsterUITests.framework; sourceTree = BUILT_PRODUCTS_DIR; };
		DE2602D35FDB777D83AA1EFC /* Pods-filxster-filxsterUITests.debug.xcconfig */ = {isa = PBXFileReference; includeInIndex = 1; lastKnownFileType = text.xcconfig; name = "Pods-filxster-filxsterUITests.debug.xcconfig"; path = "Target Support Files/Pods-filxster-filxsterUITests/Pods-filxster-filxsterUITests.debug.xcconfig"; sourceTree = "<group>"; };
		E458CF53E191E6400D73C601 /* Pods-filxsterTests.release.xcconfig */ = {isa = PBXFileReference; includeInIndex = 1; lastKnownFileType = text.xcconfig; name = "Pods-filxsterTests.release.xcconfig"; path = "Target Support Files/Pods-filxsterTests/Pods-filxsterTests.release.xcconfig"; sourceTree = "<group>"; };
		E9BE543322002CBB6A2FE8CD /* Pods-filxster.debug.xcconfig */ = {isa = PBXFileReference; includeInIndex = 1; lastKnownFileType = text.xcconfig; name = "Pods-filxster.debug.xcconfig"; path = "Target Support Files/Pods-filxster/Pods-filxster.debug.xcconfig"; sourceTree = "<group>"; };
/* End PBXFileReference section */

/* Begin PBXFrameworksBuildPhase section */
		8C0C843D26E56E51008EC91C /* Frameworks */ = {
			isa = PBXFrameworksBuildPhase;
			buildActionMask = 2147483647;
			files = (
				8CC62C2326E712AE00974DD0 /* AlamofireImage in Frameworks */,
				A82732AC9BF32265ED4F1FBE /* Pods_filxster.framework in Frameworks */,
			);
			runOnlyForDeploymentPostprocessing = 0;
		};
		8C0C845326E56E53008EC91C /* Frameworks */ = {
			isa = PBXFrameworksBuildPhase;
			buildActionMask = 2147483647;
			files = (
				FC8E2B80150208D423FFA291 /* Pods_filxsterTests.framework in Frameworks */,
			);
			runOnlyForDeploymentPostprocessing = 0;
		};
		8C0C845E26E56E53008EC91C /* Frameworks */ = {
			isa = PBXFrameworksBuildPhase;
			buildActionMask = 2147483647;
			files = (
				29412AC83B54107C077B2C3A /* Pods_filxster_filxsterUITests.framework in Frameworks */,
			);
			runOnlyForDeploymentPostprocessing = 0;
		};
/* End PBXFrameworksBuildPhase section */

/* Begin PBXGroup section */
		5D9954F799D38F388779FA30 /* Pods */ = {
			isa = PBXGroup;
			children = (
				E9BE543322002CBB6A2FE8CD /* Pods-filxster.debug.xcconfig */,
				02541943DAFF657AAF1572AD /* Pods-filxster.release.xcconfig */,
				DE2602D35FDB777D83AA1EFC /* Pods-filxster-filxsterUITests.debug.xcconfig */,
				ADADBC951E42E23F08757690 /* Pods-filxster-filxsterUITests.release.xcconfig */,
				A8EBCEB9357C3350F6E16911 /* Pods-filxsterTests.debug.xcconfig */,
				E458CF53E191E6400D73C601 /* Pods-filxsterTests.release.xcconfig */,
			);
			path = Pods;
			sourceTree = "<group>";
		};
		8C0C843726E56E51008EC91C = {
			isa = PBXGroup;
			children = (
				8C0C844226E56E51008EC91C /* filxster */,
				8C0C845926E56E53008EC91C /* filxsterTests */,
				8C0C846426E56E53008EC91C /* filxsterUITests */,
				8C0C844126E56E51008EC91C /* Products */,
				5D9954F799D38F388779FA30 /* Pods */,
				A877E63A1A89179C05BDC0AE /* Frameworks */,
			);
			sourceTree = "<group>";
		};
		8C0C844126E56E51008EC91C /* Products */ = {
			isa = PBXGroup;
			children = (
				8C0C844026E56E51008EC91C /* filxster.app */,
				8C0C845626E56E53008EC91C /* filxsterTests.xctest */,
				8C0C846126E56E53008EC91C /* filxsterUITests.xctest */,
			);
			name = Products;
			sourceTree = "<group>";
		};
		8C0C844226E56E51008EC91C /* filxster */ = {
			isa = PBXGroup;
			children = (
				8C0C844326E56E51008EC91C /* AppDelegate.swift */,
				8C0C844526E56E51008EC91C /* SceneDelegate.swift */,
				8C0C844926E56E51008EC91C /* Main.storyboard */,
				8C0C844C26E56E53008EC91C /* Assets.xcassets */,
				8C0C844E26E56E53008EC91C /* LaunchScreen.storyboard */,
				8C0C845126E56E53008EC91C /* Info.plist */,
				8C0C847326E57140008EC91C /* MoviesViewController.swift */,
				8CC62C1F26E6DCF900974DD0 /* MovieCell.swift */,
				8C9C014026E83CC80094CA51 /* MovieDeteilsViewController.swift */,
				8C213B6326EEB43C001386B5 /* MovieGridViewController.swift */,
				8C213B6526EECD20001386B5 /* MovieGridCell.swift */,
			);
			path = filxster;
			sourceTree = "<group>";
		};
		8C0C845926E56E53008EC91C /* filxsterTests */ = {
			isa = PBXGroup;
			children = (
				8C0C845A26E56E53008EC91C /* filxsterTests.swift */,
				8C0C845C26E56E53008EC91C /* Info.plist */,
			);
			path = filxsterTests;
			sourceTree = "<group>";
		};
		8C0C846426E56E53008EC91C /* filxsterUITests */ = {
			isa = PBXGroup;
			children = (
				8C0C846526E56E53008EC91C /* filxsterUITests.swift */,
				8C0C846726E56E53008EC91C /* Info.plist */,
			);
			path = filxsterUITests;
			sourceTree = "<group>";
		};
		A877E63A1A89179C05BDC0AE /* Frameworks */ = {
			isa = PBXGroup;
			children = (
				185BF222B69D172CEE08FDCF /* Pods_filxster.framework */,
				AF18634B3DDB9C7D439EE4CF /* Pods_filxster_filxsterUITests.framework */,
				13AA577AE016B6ED269E3A97 /* Pods_filxsterTests.framework */,
			);
			name = Frameworks;
			sourceTree = "<group>";
		};
/* End PBXGroup section */

/* Begin PBXNativeTarget section */
		8C0C843F26E56E51008EC91C /* filxster */ = {
			isa = PBXNativeTarget;
			buildConfigurationList = 8C0C846A26E56E53008EC91C /* Build configuration list for PBXNativeTarget "filxster" */;
			buildPhases = (
				F31B2AA982D7E00131A79536 /* [CP] Check Pods Manifest.lock */,
				8C0C843C26E56E51008EC91C /* Sources */,
				8C0C843D26E56E51008EC91C /* Frameworks */,
				8C0C843E26E56E51008EC91C /* Resources */,
				D86A68153EEC3CCCAE518696 /* [CP] Embed Pods Frameworks */,
			);
			buildRules = (
			);
			dependencies = (
			);
			name = filxster;
			packageProductDependencies = (
				8CC62C2226E712AE00974DD0 /* AlamofireImage */,
			);
			productName = filxster;
			productReference = 8C0C844026E56E51008EC91C /* filxster.app */;
			productType = "com.apple.product-type.application";
		};
		8C0C845526E56E53008EC91C /* filxsterTests */ = {
			isa = PBXNativeTarget;
			buildConfigurationList = 8C0C846D26E56E53008EC91C /* Build configuration list for PBXNativeTarget "filxsterTests" */;
			buildPhases = (
				AE90E7585E98BA2E36D6609A /* [CP] Check Pods Manifest.lock */,
				8C0C845226E56E53008EC91C /* Sources */,
				8C0C845326E56E53008EC91C /* Frameworks */,
				8C0C845426E56E53008EC91C /* Resources */,
			);
			buildRules = (
			);
			dependencies = (
				8C0C845826E56E53008EC91C /* PBXTargetDependency */,
			);
			name = filxsterTests;
			productName = filxsterTests;
			productReference = 8C0C845626E56E53008EC91C /* filxsterTests.xctest */;
			productType = "com.apple.product-type.bundle.unit-test";
		};
		8C0C846026E56E53008EC91C /* filxsterUITests */ = {
			isa = PBXNativeTarget;
			buildConfigurationList = 8C0C847026E56E53008EC91C /* Build configuration list for PBXNativeTarget "filxsterUITests" */;
			buildPhases = (
				5378BDFAC5BAB60E8B6D58FD /* [CP] Check Pods Manifest.lock */,
				8C0C845D26E56E53008EC91C /* Sources */,
				8C0C845E26E56E53008EC91C /* Frameworks */,
				8C0C845F26E56E53008EC91C /* Resources */,
				AB7684DFBED1E14C3F737A4C /* [CP] Embed Pods Frameworks */,
			);
			buildRules = (
			);
			dependencies = (
				8C0C846326E56E53008EC91C /* PBXTargetDependency */,
			);
			name = filxsterUITests;
			productName = filxsterUITests;
			productReference = 8C0C846126E56E53008EC91C /* filxsterUITests.xctest */;
			productType = "com.apple.product-type.bundle.ui-testing";
		};
/* End PBXNativeTarget section */

/* Begin PBXProject section */
		8C0C843826E56E51008EC91C /* Project object */ = {
			isa = PBXProject;
			attributes = {
				LastSwiftUpdateCheck = 1250;
				LastUpgradeCheck = 1250;
				TargetAttributes = {
					8C0C843F26E56E51008EC91C = {
						CreatedOnToolsVersion = 12.5.1;
					};
					8C0C845526E56E53008EC91C = {
						CreatedOnToolsVersion = 12.5.1;
						TestTargetID = 8C0C843F26E56E51008EC91C;
					};
					8C0C846026E56E53008EC91C = {
						CreatedOnToolsVersion = 12.5.1;
						TestTargetID = 8C0C843F26E56E51008EC91C;
					};
				};
			};
			buildConfigurationList = 8C0C843B26E56E51008EC91C /* Build configuration list for PBXProject "filxster" */;
			compatibilityVersion = "Xcode 9.3";
			developmentRegion = en;
			hasScannedForEncodings = 0;
			knownRegions = (
				en,
				Base,
			);
			mainGroup = 8C0C843726E56E51008EC91C;
			packageReferences = (
				8CC62C2126E712AE00974DD0 /* XCRemoteSwiftPackageReference "AlamofireImage" */,
			);
			productRefGroup = 8C0C844126E56E51008EC91C /* Products */;
			projectDirPath = "";
			projectRoot = "";
			targets = (
				8C0C843F26E56E51008EC91C /* filxster */,
				8C0C845526E56E53008EC91C /* filxsterTests */,
				8C0C846026E56E53008EC91C /* filxsterUITests */,
			);
		};
/* End PBXProject section */

/* Begin PBXResourcesBuildPhase section */
		8C0C843E26E56E51008EC91C /* Resources */ = {
			isa = PBXResourcesBuildPhase;
			buildActionMask = 2147483647;
			files = (
				8C0C845026E56E53008EC91C /* LaunchScreen.storyboard in Resources */,
				8C0C844D26E56E53008EC91C /* Assets.xcassets in Resources */,
				8C0C844B26E56E51008EC91C /* Main.storyboard in Resources */,
			);
			runOnlyForDeploymentPostprocessing = 0;
		};
		8C0C845426E56E53008EC91C /* Resources */ = {
			isa = PBXResourcesBuildPhase;
			buildActionMask = 2147483647;
			files = (
			);
			runOnlyForDeploymentPostprocessing = 0;
		};
		8C0C845F26E56E53008EC91C /* Resources */ = {
			isa = PBXResourcesBuildPhase;
			buildActionMask = 2147483647;
			files = (
			);
			runOnlyForDeploymentPostprocessing = 0;
		};
/* End PBXResourcesBuildPhase section */

/* Begin PBXShellScriptBuildPhase section */
		5378BDFAC5BAB60E8B6D58FD /* [CP] Check Pods Manifest.lock */ = {
			isa = PBXShellScriptBuildPhase;
			buildActionMask = 2147483647;
			files = (
			);
			inputFileListPaths = (
			);
			inputPaths = (
				"${PODS_PODFILE_DIR_PATH}/Podfile.lock",
				"${PODS_ROOT}/Manifest.lock",
			);
			name = "[CP] Check Pods Manifest.lock";
			outputFileListPaths = (
			);
			outputPaths = (
				"$(DERIVED_FILE_DIR)/Pods-filxster-filxsterUITests-checkManifestLockResult.txt",
			);
			runOnlyForDeploymentPostprocessing = 0;
			shellPath = /bin/sh;
			shellScript = "diff \"${PODS_PODFILE_DIR_PATH}/Podfile.lock\" \"${PODS_ROOT}/Manifest.lock\" > /dev/null\nif [ $? != 0 ] ; then\n    # print error to STDERR\n    echo \"error: The sandbox is not in sync with the Podfile.lock. Run 'pod install' or update your CocoaPods installation.\" >&2\n    exit 1\nfi\n# This output is used by Xcode 'outputs' to avoid re-running this script phase.\necho \"SUCCESS\" > \"${SCRIPT_OUTPUT_FILE_0}\"\n";
			showEnvVarsInLog = 0;
		};
		AB7684DFBED1E14C3F737A4C /* [CP] Embed Pods Frameworks */ = {
			isa = PBXShellScriptBuildPhase;
			buildActionMask = 2147483647;
			files = (
			);
			inputFileListPaths = (
				"${PODS_ROOT}/Target Support Files/Pods-filxster-filxsterUITests/Pods-filxster-filxsterUITests-frameworks-${CONFIGURATION}-input-files.xcfilelist",
			);
			name = "[CP] Embed Pods Frameworks";
			outputFileListPaths = (
				"${PODS_ROOT}/Target Support Files/Pods-filxster-filxsterUITests/Pods-filxster-filxsterUITests-frameworks-${CONFIGURATION}-output-files.xcfilelist",
			);
			runOnlyForDeploymentPostprocessing = 0;
			shellPath = /bin/sh;
			shellScript = "\"${PODS_ROOT}/Target Support Files/Pods-filxster-filxsterUITests/Pods-filxster-filxsterUITests-frameworks.sh\"\n";
			showEnvVarsInLog = 0;
		};
		AE90E7585E98BA2E36D6609A /* [CP] Check Pods Manifest.lock */ = {
			isa = PBXShellScriptBuildPhase;
			buildActionMask = 2147483647;
			files = (
			);
			inputFileListPaths = (
			);
			inputPaths = (
				"${PODS_PODFILE_DIR_PATH}/Podfile.lock",
				"${PODS_ROOT}/Manifest.lock",
			);
			name = "[CP] Check Pods Manifest.lock";
			outputFileListPaths = (
			);
			outputPaths = (
				"$(DERIVED_FILE_DIR)/Pods-filxsterTests-checkManifestLockResult.txt",
			);
			runOnlyForDeploymentPostprocessing = 0;
			shellPath = /bin/sh;
			shellScript = "diff \"${PODS_PODFILE_DIR_PATH}/Podfile.lock\" \"${PODS_ROOT}/Manifest.lock\" > /dev/null\nif [ $? != 0 ] ; then\n    # print error to STDERR\n    echo \"error: The sandbox is not in sync with the Podfile.lock. Run 'pod install' or update your CocoaPods installation.\" >&2\n    exit 1\nfi\n# This output is used by Xcode 'outputs' to avoid re-running this script phase.\necho \"SUCCESS\" > \"${SCRIPT_OUTPUT_FILE_0}\"\n";
			showEnvVarsInLog = 0;
		};
		D86A68153EEC3CCCAE518696 /* [CP] Embed Pods Frameworks */ = {
			isa = PBXShellScriptBuildPhase;
			buildActionMask = 2147483647;
			files = (
			);
			inputFileListPaths = (
				"${PODS_ROOT}/Target Support Files/Pods-filxster/Pods-filxster-frameworks-${CONFIGURATION}-input-files.xcfilelist",
			);
			name = "[CP] Embed Pods Frameworks";
			outputFileListPaths = (
				"${PODS_ROOT}/Target Support Files/Pods-filxster/Pods-filxster-frameworks-${CONFIGURATION}-output-files.xcfilelist",
			);
			runOnlyForDeploymentPostprocessing = 0;
			shellPath = /bin/sh;
			shellScript = "\"${PODS_ROOT}/Target Support Files/Pods-filxster/Pods-filxster-frameworks.sh\"\n";
			showEnvVarsInLog = 0;
		};
		F31B2AA982D7E00131A79536 /* [CP] Check Pods Manifest.lock */ = {
			isa = PBXShellScriptBuildPhase;
			buildActionMask = 2147483647;
			files = (
			);
			inputFileListPaths = (
			);
			inputPaths = (
				"${PODS_PODFILE_DIR_PATH}/Podfile.lock",
				"${PODS_ROOT}/Manifest.lock",
			);
			name = "[CP] Check Pods Manifest.lock";
			outputFileListPaths = (
			);
			outputPaths = (
				"$(DERIVED_FILE_DIR)/Pods-filxster-checkManifestLockResult.txt",
			);
			runOnlyForDeploymentPostprocessing = 0;
			shellPath = /bin/sh;
			shellScript = "diff \"${PODS_PODFILE_DIR_PATH}/Podfile.lock\" \"${PODS_ROOT}/Manifest.lock\" > /dev/null\nif [ $? != 0 ] ; then\n    # print error to STDERR\n    echo \"error: The sandbox is not in sync with the Podfile.lock. Run 'pod install' or update your CocoaPods installation.\" >&2\n    exit 1\nfi\n# This output is used by Xcode 'outputs' to avoid re-running this script phase.\necho \"SUCCESS\" > \"${SCRIPT_OUTPUT_FILE_0}\"\n";
			showEnvVarsInLog = 0;
		};
/* End PBXShellScriptBuildPhase section */

/* Begin PBXSourcesBuildPhase section */
		8C0C843C26E56E51008EC91C /* Sources */ = {
			isa = PBXSourcesBuildPhase;
			buildActionMask = 2147483647;
			files = (
				8C0C844426E56E51008EC91C /* AppDelegate.swift in Sources */,
				8C9C014126E83CC80094CA51 /* MovieDeteilsViewController.swift in Sources */,
				8C0C844626E56E51008EC91C /* SceneDelegate.swift in Sources */,
				8CC62C2026E6DCF900974DD0 /* MovieCell.swift in Sources */,
				8C0C847426E57140008EC91C /* MoviesViewController.swift in Sources */,
				8C213B6426EEB43C001386B5 /* MovieGridViewController.swift in Sources */,
				8C213B6626EECD21001386B5 /* MovieGridCell.swift in Sources */,
			);
			runOnlyForDeploymentPostprocessing = 0;
		};
		8C0C845226E56E53008EC91C /* Sources */ = {
			isa = PBXSourcesBuildPhase;
			buildActionMask = 2147483647;
			files = (
				8C0C845B26E56E53008EC91C /* filxsterTests.swift in Sources */,
			);
			runOnlyForDeploymentPostprocessing = 0;
		};
		8C0C845D26E56E53008EC91C /* Sources */ = {
			isa = PBXSourcesBuildPhase;
			buildActionMask = 2147483647;
			files = (
				8C0C846626E56E53008EC91C /* filxsterUITests.swift in Sources */,
			);
			runOnlyForDeploymentPostprocessing = 0;
		};
/* End PBXSourcesBuildPhase section */

/* Begin PBXTargetDependency section */
		8C0C845826E56E53008EC91C /* PBXTargetDependency */ = {
			isa = PBXTargetDependency;
			target = 8C0C843F26E56E51008EC91C /* filxster */;
			targetProxy = 8C0C845726E56E53008EC91C /* PBXContainerItemProxy */;
		};
		8C0C846326E56E53008EC91C /* PBXTargetDependency */ = {
			isa = PBXTargetDependency;
			target = 8C0C843F26E56E51008EC91C /* filxster */;
			targetProxy = 8C0C846226E56E53008EC91C /* PBXContainerItemProxy */;
		};
/* End PBXTargetDependency section */

/* Begin PBXVariantGroup section */
		8C0C844926E56E51008EC91C /* Main.storyboard */ = {
			isa = PBXVariantGroup;
			children = (
				8C0C844A26E56E51008EC91C /* Base */,
			);
			name = Main.storyboard;
			sourceTree = "<group>";
		};
		8C0C844E26E56E53008EC91C /* LaunchScreen.storyboard */ = {
			isa = PBXVariantGroup;
			children = (
				8C0C844F26E56E53008EC91C /* Base */,
			);
			name = LaunchScreen.storyboard;
			sourceTree = "<group>";
		};
/* End PBXVariantGroup section */

/* Begin XCBuildConfiguration section */
		8C0C846826E56E53008EC91C /* Debug */ = {
			isa = XCBuildConfiguration;
			buildSettings = {
				ALWAYS_SEARCH_USER_PATHS = NO;
				CLANG_ANALYZER_NONNULL = YES;
				CLANG_ANALYZER_NUMBER_OBJECT_CONVERSION = YES_AGGRESSIVE;
				CLANG_CXX_LANGUAGE_STANDARD = "gnu++14";
				CLANG_CXX_LIBRARY = "libc++";
				CLANG_ENABLE_MODULES = YES;
				CLANG_ENABLE_OBJC_ARC = YES;
				CLANG_ENABLE_OBJC_WEAK = YES;
				CLANG_WARN_BLOCK_CAPTURE_AUTORELEASING = YES;
				CLANG_WARN_BOOL_CONVERSION = YES;
				CLANG_WARN_COMMA = YES;
				CLANG_WARN_CONSTANT_CONVERSION = YES;
				CLANG_WARN_DEPRECATED_OBJC_IMPLEMENTATIONS = YES;
				CLANG_WARN_DIRECT_OBJC_ISA_USAGE = YES_ERROR;
				CLANG_WARN_DOCUMENTATION_COMMENTS = YES;
				CLANG_WARN_EMPTY_BODY = YES;
				CLANG_WARN_ENUM_CONVERSION = YES;
				CLANG_WARN_INFINITE_RECURSION = YES;
				CLANG_WARN_INT_CONVERSION = YES;
				CLANG_WARN_NON_LITERAL_NULL_CONVERSION = YES;
				CLANG_WARN_OBJC_IMPLICIT_RETAIN_SELF = YES;
				CLANG_WARN_OBJC_LITERAL_CONVERSION = YES;
				CLANG_WARN_OBJC_ROOT_CLASS = YES_ERROR;
				CLANG_WARN_QUOTED_INCLUDE_IN_FRAMEWORK_HEADER = YES;
				CLANG_WARN_RANGE_LOOP_ANALYSIS = YES;
				CLANG_WARN_STRICT_PROTOTYPES = YES;
				CLANG_WARN_SUSPICIOUS_MOVE = YES;
				CLANG_WARN_UNGUARDED_AVAILABILITY = YES_AGGRESSIVE;
				CLANG_WARN_UNREACHABLE_CODE = YES;
				CLANG_WARN__DUPLICATE_METHOD_MATCH = YES;
				COPY_PHASE_STRIP = NO;
				DEBUG_INFORMATION_FORMAT = dwarf;
				ENABLE_STRICT_OBJC_MSGSEND = YES;
				ENABLE_TESTABILITY = YES;
				GCC_C_LANGUAGE_STANDARD = gnu11;
				GCC_DYNAMIC_NO_PIC = NO;
				GCC_NO_COMMON_BLOCKS = YES;
				GCC_OPTIMIZATION_LEVEL = 0;
				GCC_PREPROCESSOR_DEFINITIONS = (
					"DEBUG=1",
					"$(inherited)",
				);
				GCC_WARN_64_TO_32_BIT_CONVERSION = YES;
				GCC_WARN_ABOUT_RETURN_TYPE = YES_ERROR;
				GCC_WARN_UNDECLARED_SELECTOR = YES;
				GCC_WARN_UNINITIALIZED_AUTOS = YES_AGGRESSIVE;
				GCC_WARN_UNUSED_FUNCTION = YES;
				GCC_WARN_UNUSED_VARIABLE = YES;
				IPHONEOS_DEPLOYMENT_TARGET = 14.5;
				MTL_ENABLE_DEBUG_INFO = INCLUDE_SOURCE;
				MTL_FAST_MATH = YES;
				ONLY_ACTIVE_ARCH = YES;
				SDKROOT = iphoneos;
				SWIFT_ACTIVE_COMPILATION_CONDITIONS = DEBUG;
				SWIFT_OPTIMIZATION_LEVEL = "-Onone";
			};
			name = Debug;
		};
		8C0C846926E56E53008EC91C /* Release */ = {
			isa = XCBuildConfiguration;
			buildSettings = {
				ALWAYS_SEARCH_USER_PATHS = NO;
				CLANG_ANALYZER_NONNULL = YES;
				CLANG_ANALYZER_NUMBER_OBJECT_CONVERSION = YES_AGGRESSIVE;
				CLANG_CXX_LANGUAGE_STANDARD = "gnu++14";
				CLANG_CXX_LIBRARY = "libc++";
				CLANG_ENABLE_MODULES = YES;
				CLANG_ENABLE_OBJC_ARC = YES;
				CLANG_ENABLE_OBJC_WEAK = YES;
				CLANG_WARN_BLOCK_CAPTURE_AUTORELEASING = YES;
				CLANG_WARN_BOOL_CONVERSION = YES;
				CLANG_WARN_COMMA = YES;
				CLANG_WARN_CONSTANT_CONVERSION = YES;
				CLANG_WARN_DEPRECATED_OBJC_IMPLEMENTATIONS = YES;
				CLANG_WARN_DIRECT_OBJC_ISA_USAGE = YES_ERROR;
				CLANG_WARN_DOCUMENTATION_COMMENTS = YES;
				CLANG_WARN_EMPTY_BODY = YES;
				CLANG_WARN_ENUM_CONVERSION = YES;
				CLANG_WARN_INFINITE_RECURSION = YES;
				CLANG_WARN_INT_CONVERSION = YES;
				CLANG_WARN_NON_LITERAL_NULL_CONVERSION = YES;
				CLANG_WARN_OBJC_IMPLICIT_RETAIN_SELF = YES;
				CLANG_WARN_OBJC_LITERAL_CONVERSION = YES;
				CLANG_WARN_OBJC_ROOT_CLASS = YES_ERROR;
				CLANG_WARN_QUOTED_INCLUDE_IN_FRAMEWORK_HEADER = YES;
				CLANG_WARN_RANGE_LOOP_ANALYSIS = YES;
				CLANG_WARN_STRICT_PROTOTYPES = YES;
				CLANG_WARN_SUSPICIOUS_MOVE = YES;
				CLANG_WARN_UNGUARDED_AVAILABILITY = YES_AGGRESSIVE;
				CLANG_WARN_UNREACHABLE_CODE = YES;
				CLANG_WARN__DUPLICATE_METHOD_MATCH = YES;
				COPY_PHASE_STRIP = NO;
				DEBUG_INFORMATION_FORMAT = "dwarf-with-dsym";
				ENABLE_NS_ASSERTIONS = NO;
				ENABLE_STRICT_OBJC_MSGSEND = YES;
				GCC_C_LANGUAGE_STANDARD = gnu11;
				GCC_NO_COMMON_BLOCKS = YES;
				GCC_WARN_64_TO_32_BIT_CONVERSION = YES;
				GCC_WARN_ABOUT_RETURN_TYPE = YES_ERROR;
				GCC_WARN_UNDECLARED_SELECTOR = YES;
				GCC_WARN_UNINITIALIZED_AUTOS = YES_AGGRESSIVE;
				GCC_WARN_UNUSED_FUNCTION = YES;
				GCC_WARN_UNUSED_VARIABLE = YES;
				IPHONEOS_DEPLOYMENT_TARGET = 14.5;
				MTL_ENABLE_DEBUG_INFO = NO;
				MTL_FAST_MATH = YES;
				SDKROOT = iphoneos;
				SWIFT_COMPILATION_MODE = wholemodule;
				SWIFT_OPTIMIZATION_LEVEL = "-O";
				VALIDATE_PRODUCT = YES;
			};
			name = Release;
		};
		8C0C846B26E56E53008EC91C /* Debug */ = {
			isa = XCBuildConfiguration;
			baseConfigurationReference = E9BE543322002CBB6A2FE8CD /* Pods-filxster.debug.xcconfig */;
			buildSettings = {
				ASSETCATALOG_COMPILER_APPICON_NAME = AppIcon;
				ASSETCATALOG_COMPILER_GLOBAL_ACCENT_COLOR_NAME = AccentColor;
				CODE_SIGN_STYLE = Automatic;
				INFOPLIST_FILE = filxster/Info.plist;
				LD_RUNPATH_SEARCH_PATHS = (
					"$(inherited)",
					"@executable_path/Frameworks",
				);
				PRODUCT_BUNDLE_IDENTIFIER = "Ezekiel-Faulknor.filxster";
				PRODUCT_NAME = "$(TARGET_NAME)";
				SWIFT_VERSION = 5.0;
				TARGETED_DEVICE_FAMILY = "1,2";
			};
			name = Debug;
		};
		8C0C846C26E56E53008EC91C /* Release */ = {
			isa = XCBuildConfiguration;
			baseConfigurationReference = 02541943DAFF657AAF1572AD /* Pods-filxster.release.xcconfig */;
			buildSettings = {
				ASSETCATALOG_COMPILER_APPICON_NAME = AppIcon;
				ASSETCATALOG_COMPILER_GLOBAL_ACCENT_COLOR_NAME = AccentColor;
				CODE_SIGN_STYLE = Automatic;
				INFOPLIST_FILE = filxster/Info.plist;
				LD_RUNPATH_SEARCH_PATHS = (
					"$(inherited)",
					"@executable_path/Frameworks",
				);
				PRODUCT_BUNDLE_IDENTIFIER = "Ezekiel-Faulknor.filxster";
				PRODUCT_NAME = "$(TARGET_NAME)";
				SWIFT_VERSION = 5.0;
				TARGETED_DEVICE_FAMILY = "1,2";
			};
			name = Release;
		};
		8C0C846E26E56E53008EC91C /* Debug */ = {
			isa = XCBuildConfiguration;
			baseConfigurationReference = A8EBCEB9357C3350F6E16911 /* Pods-filxsterTests.debug.xcconfig */;
			buildSettings = {
				ALWAYS_EMBED_SWIFT_STANDARD_LIBRARIES = YES;
				BUNDLE_LOADER = "$(TEST_HOST)";
				CODE_SIGN_STYLE = Automatic;
				INFOPLIST_FILE = filxsterTests/Info.plist;
				IPHONEOS_DEPLOYMENT_TARGET = 14.5;
				LD_RUNPATH_SEARCH_PATHS = (
					"$(inherited)",
					"@executable_path/Frameworks",
					"@loader_path/Frameworks",
				);
				PRODUCT_BUNDLE_IDENTIFIER = "Ezekiel-Faulknor.filxsterTests";
				PRODUCT_NAME = "$(TARGET_NAME)";
				SWIFT_VERSION = 5.0;
				TARGETED_DEVICE_FAMILY = "1,2";
				TEST_HOST = "$(BUILT_PRODUCTS_DIR)/filxster.app/filxster";
			};
			name = Debug;
		};
		8C0C846F26E56E53008EC91C /* Release */ = {
			isa = XCBuildConfiguration;
			baseConfigurationReference = E458CF53E191E6400D73C601 /* Pods-filxsterTests.release.xcconfig */;
			buildSettings = {
				ALWAYS_EMBED_SWIFT_STANDARD_LIBRARIES = YES;
				BUNDLE_LOADER = "$(TEST_HOST)";
				CODE_SIGN_STYLE = Automatic;
				INFOPLIST_FILE = filxsterTests/Info.plist;
				IPHONEOS_DEPLOYMENT_TARGET = 14.5;
				LD_RUNPATH_SEARCH_PATHS = (
					"$(inherited)",
					"@executable_path/Frameworks",
					"@loader_path/Frameworks",
				);
				PRODUCT_BUNDLE_IDENTIFIER = "Ezekiel-Faulknor.filxsterTests";
				PRODUCT_NAME = "$(TARGET_NAME)";
				SWIFT_VERSION = 5.0;
				TARGETED_DEVICE_FAMILY = "1,2";
				TEST_HOST = "$(BUILT_PRODUCTS_DIR)/filxster.app/filxster";
			};
			name = Release;
		};
		8C0C847126E56E53008EC91C /* Debug */ = {
			isa = XCBuildConfiguration;
			baseConfigurationReference = DE2602D35FDB777D83AA1EFC /* Pods-filxster-filxsterUITests.debug.xcconfig */;
			buildSettings = {
				ALWAYS_EMBED_SWIFT_STANDARD_LIBRARIES = YES;
				CODE_SIGN_STYLE = Automatic;
				INFOPLIST_FILE = filxsterUITests/Info.plist;
				LD_RUNPATH_SEARCH_PATHS = (
					"$(inherited)",
					"@executable_path/Frameworks",
					"@loader_path/Frameworks",
				);
				PRODUCT_BUNDLE_IDENTIFIER = "Ezekiel-Faulknor.filxsterUITests";
				PRODUCT_NAME = "$(TARGET_NAME)";
				SWIFT_VERSION = 5.0;
				TARGETED_DEVICE_FAMILY = "1,2";
				TEST_TARGET_NAME = filxster;
			};
			name = Debug;
		};
		8C0C847226E56E53008EC91C /* Release */ = {
			isa = XCBuildConfiguration;
			baseConfigurationReference = ADADBC951E42E23F08757690 /* Pods-filxster-filxsterUITests.release.xcconfig */;
			buildSettings = {
				ALWAYS_EMBED_SWIFT_STANDARD_LIBRARIES = YES;
				CODE_SIGN_STYLE = Automatic;
				INFOPLIST_FILE = filxsterUITests/Info.plist;
				LD_RUNPATH_SEARCH_PATHS = (
					"$(inherited)",
					"@executable_path/Frameworks",
					"@loader_path/Frameworks",
				);
				PRODUCT_BUNDLE_IDENTIFIER = "Ezekiel-Faulknor.filxsterUITests";
				PRODUCT_NAME = "$(TARGET_NAME)";
				SWIFT_VERSION = 5.0;
				TARGETED_DEVICE_FAMILY = "1,2";
				TEST_TARGET_NAME = filxster;
			};
			name = Release;
		};
/* End XCBuildConfiguration section */

/* Begin XCConfigurationList section */
		8C0C843B26E56E51008EC91C /* Build configuration list for PBXProject "filxster" */ = {
			isa = XCConfigurationList;
			buildConfigurations = (
				8C0C846826E56E53008EC91C /* Debug */,
				8C0C846926E56E53008EC91C /* Release */,
			);
			defaultConfigurationIsVisible = 0;
			defaultConfigurationName = Release;
		};
		8C0C846A26E56E53008EC91C /* Build configuration list for PBXNativeTarget "filxster" */ = {
			isa = XCConfigurationList;
			buildConfigurations = (
				8C0C846B26E56E53008EC91C /* Debug */,
				8C0C846C26E56E53008EC91C /* Release */,
			);
			defaultConfigurationIsVisible = 0;
			defaultConfigurationName = Release;
		};
		8C0C846D26E56E53008EC91C /* Build configuration list for PBXNativeTarget "filxsterTests" */ = {
			isa = XCConfigurationList;
			buildConfigurations = (
				8C0C846E26E56E53008EC91C /* Debug */,
				8C0C846F26E56E53008EC91C /* Release */,
			);
			defaultConfigurationIsVisible = 0;
			defaultConfigurationName = Release;
		};
		8C0C847026E56E53008EC91C /* Build configuration list for PBXNativeTarget "filxsterUITests" */ = {
			isa = XCConfigurationList;
			buildConfigurations = (
				8C0C847126E56E53008EC91C /* Debug */,
				8C0C847226E56E53008EC91C /* Release */,
			);
			defaultConfigurationIsVisible = 0;
			defaultConfigurationName = Release;
		};
/* End XCConfigurationList section */

/* Begin XCRemoteSwiftPackageReference section */
		8CC62C2126E712AE00974DD0 /* XCRemoteSwiftPackageReference "AlamofireImage" */ = {
			isa = XCRemoteSwiftPackageReference;
			repositoryURL = "https://github.com/Alamofire/AlamofireImage";
			requirement = {
				kind = upToNextMajorVersion;
				minimumVersion = 4.2.0;
			};
		};
/* End XCRemoteSwiftPackageReference section */

/* Begin XCSwiftPackageProductDependency section */
		8CC62C2226E712AE00974DD0 /* AlamofireImage */ = {
			isa = XCSwiftPackageProductDependency;
			package = 8CC62C2126E712AE00974DD0 /* XCRemoteSwiftPackageReference "AlamofireImage" */;
			productName = AlamofireImage;
		};
/* End XCSwiftPackageProductDependency section */
	};
	rootObject = 8C0C843826E56E51008EC91C /* Project object */;
}
